
Microsoft Visual Studio Solution File, Format Version 12.00
# Visual Studio Version 16
VisualStudioVersion = 16.0.31424.327
MinimumVisualStudioVersion = 10.0.40219.1
Project("{FAE04EC0-301F-11D3-BF4B-00C04F79EFBC}") = "WebApplication1", "WebApplication1\WebApplication1.csproj", "{042ED3DE-ED9A-4F99-8FC2-38BA354C82F2}"
EndProject
Global
	GlobalSection(SolutionConfigurationPlatforms) = preSolution
		Debug|Any CPU = Debug|Any CPU
		Release|Any CPU = Release|Any CPU
	EndGlobalSection
	GlobalSection(ProjectConfigurationPlatforms) = postSolution
		{042ED3DE-ED9A-4F99-8FC2-38BA354C82F2}.Debug|Any CPU.ActiveCfg = Debug|Any CPU
		{042ED3DE-ED9A-4F99-8FC2-38BA354C82F2}.Debug|Any CPU.Build.0 = Debug|Any CPU
		{042ED3DE-ED9A-4F99-8FC2-38BA354C82F2}.Release|Any CPU.ActiveCfg = Release|Any CPU
		{042ED3DE-ED9A-4F99-8FC2-38BA354C82F2}.Release|Any CPU.Build.0 = Release|Any CPU
	EndGlobalSection
	GlobalSection(SolutionProperties) = preSolution
		HideSolutionNode = FALSE
	EndGlobalSection
	GlobalSection(ExtensibilityGlobals) = postSolution
		SolutionGuid = {30BCD227-CCE4-42C4-93AC-EF0D2D4A7F97}
	EndGlobalSection
EndGlobal
